version = 1
revision = 3
requires-python = ">=3.12"
resolution-markers = [
    "python_full_version >= '3.14'",
    "python_full_version == '3.13.*'",
    "python_full_version < '3.13'",
]

[[package]]
name = "agent-authorization-decision-reference-test"
version = "0.0.0"
source = { virtual = "." }
dependencies = [
    { name = "genai-reference-shared" },
]

[package.metadata]
requires-dist = [{ name = "genai-reference-shared", editable = "../../shared" }]

[[package]]
name = "genai-reference-shared"
version = "0.1.0"
source = { editable = "../../shared" }
dependencies = [
    { name = "opentelemetry-api" },
    { name = "opentelemetry-exporter-otlp-proto-grpc" },
    { name = "opentelemetry-sdk" },
]

[package.metadata]
requires-dist = [
    { name = "opentelemetry-api", specifier = "==1.42.1" },
    { name = "opentelemetry-exporter-otlp-proto-grpc", specifier = "==1.42.1" },
    { name = "opentelemetry-sdk", specifier = "==1.42.1" },
]

[[package]]
name = "googleapis-common-protos"
version = "1.75.0"
source = { registry = "https://pypi.org/simple" }
dependencies = [
    { name = "protobuf" },
]
sdist = { url = "https://files.pythonhosted.org/packages/b5/c8/f439cffde755cffa462bfbb156278fa6f9d09119719af9814b858fd4f81f/googleapis_common_protos-1.75.0.tar.gz", hash = "sha256:53a062ff3c32552fbd62c11fe23768b78e4ddf0494d5e5fd97d3f4689c75fbbd", size = 151035, upload-time = "2026-05-07T08:04:49.423Z" }
wheels = [
    { url = "https://files.pythonhosted.org/packages/e7/c8/e2645aa8ed02fd4c7a2f59d68783b65b1f3cbdfe39a6308e156509d1fee8/googleapis_common_protos-1.75.0-py3-none-any.whl", hash = "sha256:961ed60399c457ceb0ee8f285a84c870aabc9c6a832b9d37bb281b5bebde43ed", size = 300631, upload-time = "2026-05-07T08:03:30.345Z" },
]

[[package]]
name = "grpcio"
version = "1.81.1"
source = { registry = "https://pypi.org/simple" }
dependencies = [
    { name = "typing-extensions" },
]
sdist = { url = "https://files.pythonhosted.org/packages/b0/b5/1ff353970a87eda4c98251e34d2dfd214abd4982dc89119c9252a2a482d2/grpcio-1.81.1.tar.gz", hash = "sha256:6fa10a767143a5e82e8eaab53918af0cd8909a57a27f8cb2288b80a613ac671b", size = 13026582, upload-time = "2026-06-11T12:46:51.673Z" }
wheels = [
    { url = "https://files.pythonhosted.org/packages/85/07/9a979c81738863a738dc23d65177056e71fbb2db817740ed870b33434e7a/grpcio-1.81.1-cp312-cp312-linux_armv7l.whl", hash = "sha256:8b39472beafc0bdcafc4c8c73ad082ebfdb449d566897a61e7acb4fa88089115", size = 6053264, upload-time = "2026-06-11T12:45:21.017Z" },
    { url = "https://files.pythonhosted.org/packages/75/95/539706ca0d3bd40dbad583dc56fd883da941f37556b629132da5762781b9/grpcio-1.81.1-cp312-cp312-macosx_11_0_universal2.whl", hash = "sha256:12b7524c88d4026d3dcb7b0ebe16b6714f3b4af402ddd0f0639ab064a00c87c3", size = 12052560, upload-time = "2026-06-11T12:45:23.652Z" },
    { url = "https://files.pythonhosted.org/packages/e0/44/f257b7e0bd69c93b06c6cb8ac8d1b901ccb42bedabd83c1a4c77a71f8810/grpcio-1.81.1-cp312-cp312-manylinux2014_aarch64.manylinux_2_17_aarch64.whl", hash = "sha256:1e123f9b37edb8375fd74130d1f69c944bbf0a7b06761ae7211154b8759e94d2", size = 6595983, upload-time = "2026-06-11T12:45:26.963Z" },
    { url = "https://files.pythonhosted.org/packages/b9/f3/19782aa04c960968bef8c5539329d8e3bbc3364e2e46d19eb5e5cc5e43b7/grpcio-1.81.1-cp312-cp312-manylinux2014_i686.manylinux_2_17_i686.whl", hash = "sha256:2c2e2ae6867c2966b8daccc836d54a13218e0007e9a490aeb81dd05be64d22d7", size = 7303455, upload-time = "2026-06-11T12:45:29.707Z" },
    { url = "https://files.pythonhosted.org/packages/eb/8c/dea020b6d91508cd84463917a63149ec196ee7db505d032ae43fcb3303b9/grpcio-1.81.1-cp312-cp312-manylinux2014_x86_64.manylinux_2_17_x86_64.whl", hash = "sha256:766bc7c9a9c340342f4c864ccbda8e78111e4751f13b895812b9c148fb79e9d0", size = 6809167, upload-time = "2026-06-11T12:45:32.52Z" },
    { url = "https://files.pythonhosted.org/packages/1c/c7/3030dd940408083bd32cd95d634777a71605ade4887154d93e8a89244946/grpcio-1.81.1-cp312-cp312-musllinux_1_2_aarch64.whl", hash = "sha256:b259a04a737cb3496be0901328eb8b7552ed8df4865d8c8f1cf1bffcfc0776a3", size = 7412536, upload-time = "2026-06-11T12:45:35.403Z" },
    { url = "https://files.pythonhosted.org/packages/e0/dd/1172a9e42b168edcafefad6115346ef619a3fc02158bb170e66ced24bcdd/grpcio-1.81.1-cp312-cp312-musllinux_1_2_i686.whl", hash = "sha256:85b10a45b8993d195c4f3ff57025b8d1e11834909ee475c403bfa60cb4caefaf", size = 8408276, upload-time = "2026-06-11T12:45:37.78Z" },
    { url = "https://files.pythonhosted.org/packages/25/7a/71437c7f3596e5246155c515852795a85a1a8d228190212432b13b97a95d/grpcio-1.81.1-cp312-cp312-musllinux_1_2_x86_64.whl", hash = "sha256:8ea1936c26b99999b27479853039a7f34713f56c49375ad52b38535ec93a796c", size = 7849660, upload-time = "2026-06-11T12:45:40.627Z" },
    { url = "https://files.pythonhosted.org/packages/65/40/7debc0da45d2efebafb82da75644be347497fe4ee250514b8cd3b86ae8bf/grpcio-1.81.1-cp312-cp312-win32.whl", hash = "sha256:a185a04039df6cae8648bc8ab6d6fde7bf94f7188ecf7828e76ac52eef1e41d6", size = 4185819, upload-time = "2026-06-11T12:45:43.027Z" },
    { url = "https://files.pythonhosted.org/packages/2e/b9/8fe3ba5ed462067774ebc1f9c7f26aa7ebcc280ddd476be107153de1339e/grpcio-1.81.1-cp312-cp312-win_amd64.whl", hash = "sha256:3ad74f8bb1a18963914c5452d289422830b39459e8776ebbcd207be1fbfb1d94", size = 4930461, upload-time = "2026-06-11T12:45:45.775Z" },
    { url = "https://files.pythonhosted.org/packages/7a/42/dcc2e4b600538ef18327c0839d56b7d3c3812337c5d710df5877dbb39b1e/grpcio-1.81.1-cp313-cp313-linux_armv7l.whl", hash = "sha256:b10e1ff4756ed27d5a29d7fc79cfce7ef1ff56ad20025b89bac7cf79e09abbbe", size = 6054466, upload-time = "2026-06-11T12:45:48.43Z" },
    { url = "https://files.pythonhosted.org/packages/7b/4a/a36e03210183a8a7d4c80c3936acee679f4bd77d5861f369db47b2cc5f05/grpcio-1.81.1-cp313-cp313-macosx_11_0_universal2.whl", hash = "sha256:819edbdcb42ab8598b494bcf0222684bbb7a3c772bd1b1f0be7e029a6063c28e", size = 12048795, upload-time = "2026-06-11T12:45:54.011Z" },
    { url = "https://files.pythonhosted.org/packages/b0/d5/d68e30b29098f63beab6fe501100fe82674ff142b32c672532da86a99b3a/grpcio-1.81.1-cp313-cp313-manylinux2014_aarch64.manylinux_2_17_aarch64.whl", hash = "sha256:c5bf2dc311127d91230cc79b92188c082634a06cf66c5234db49a43b910183b0", size = 6599094, upload-time = "2026-06-11T12:45:57.799Z" },
    { url = "https://files.pythonhosted.org/packages/3d/b3/e837954d279754f638a11cca5dcf6b24a005efb398984cefaf7735945a54/grpcio-1.81.1-cp313-cp313-manylinux2014_i686.manylinux_2_17_i686.whl", hash = "sha256:e8ca6a1fcdb2943c9cbc1804a1baf3acb6071d72a471591678ded84218006e14", size = 7307182, upload-time = "2026-06-11T12:46:00.568Z" },
    { url = "https://files.pythonhosted.org/packages/0d/1e/b47957057e729adc6cdf519a47f8be2562b7140e280f1418443eb4022192/grpcio-1.81.1-cp313-cp313-manylinux2014_x86_64.manylinux_2_17_x86_64.whl", hash = "sha256:e64dd101d380a115cc5a0c7856788adb535f1a4e21fc543775602f8be95180ae", size = 6810962, upload-time = "2026-06-11T12:46:03.312Z" },
    { url = "https://files.pythonhosted.org/packages/40/26/569868e364e05b19ec8f969da53d230bcd89c962cd198f7c29943155c4d3/grpcio-1.81.1-cp313-cp313-musllinux_1_2_aarch64.whl", hash = "sha256:98a07f9bf591e3a8919797bee1c53f026ba4acd587e5a4404c8e57c9ec36b2a5", size = 7415698, upload-time = "2026-06-11T12:46:06.005Z" },
    { url = "https://files.pythonhosted.org/packages/36/0c/5440a0582cb5653fc42a6e262eeb22700943313f8076f9dc927491b20a59/grpcio-1.81.1-cp313-cp313-musllinux_1_2_i686.whl", hash = "sha256:c261d74b1a945cf895a9d6eccd1685a8e837531beaab782da4d630a8d12deffb", size = 8407779, upload-time = "2026-06-11T12:46:08.84Z" },
    { url = "https://files.pythonhosted.org/packages/ff/aa/66fe9f39871d766987d869a03ee0842a026f499c7b1e62decb9e78a8088e/grpcio-1.81.1-cp313-cp313-musllinux_1_2_x86_64.whl", hash = "sha256:58ad1131c300d3c9b933802b3cc4dc69d380822935ba50b28703156ea826fbf7", size = 7844521, upload-time = "2026-06-11T12:46:12.171Z" },
    { url = "https://files.pythonhosted.org/packages/f0/9e/69bb7194861bcd28fb3193261d4f9c3831b4446993f002cf59068943e7ab/grpcio-1.81.1-cp313-cp313-win32.whl", hash = "sha256:78e29211f26da2fdd0e9c6d2b79f489476140cf7029b6a64808ade7ca4156a42", size = 4182786, upload-time = "2026-06-11T12:46:15.192Z" },
    { url = "https://files.pythonhosted.org/packages/0d/20/3da8bb0d637feccdc3e1e419bb511ce93651ce7d54164f95de22cc0b8b34/grpcio-1.81.1-cp313-cp313-win_amd64.whl", hash = "sha256:edb59506291b647a30884b1d51a599d605f40b20af4a7dc3d33786a47a31de60", size = 4928648, upload-time = "2026-06-11T12:46:17.823Z" },
    { url = "https://files.pythonhosted.org/packages/b6/58/19414622b1bf6981bc9c05a365bd548e71876c89000083b3af489251e9c0/grpcio-1.81.1-cp314-cp314-linux_armv7l.whl", hash = "sha256:506f48f2f9c29b143fca3dad7b0d518c188b6c9648c75a2ae6e2d9f2c13a060b", size = 6055336, upload-time = "2026-06-11T12:46:20.557Z" },
    { url = "https://files.pythonhosted.org/packages/32/f1/2ec88adb92b0eba970dd0e0e7dd086341daa3c75eba4f735f9e44bf684b0/grpcio-1.81.1-cp314-cp314-macosx_11_0_universal2.whl", hash = "sha256:d865db4a6318e1c1bea83292e0ed231090538fc4ca45425b0f0480eb338bbc6e", size = 12056279, upload-time = "2026-06-11T12:46:24.255Z" },
    { url = "https://files.pythonhosted.org/packages/41/36/e8c5f8c6ec71de73733695ebc809e98b178b534ec6d8eaa31a7ebab4ad4c/grpcio-1.81.1-cp314-cp314-manylinux2014_aarch64.manylinux_2_17_aarch64.whl", hash = "sha256:e2aa72e3ce1770317ef534f63d397b55e130725f5149bd36077c3b539019db27", size = 6608225, upload-time = "2026-06-11T12:46:27.601Z" },
    { url = "https://files.pythonhosted.org/packages/30/22/96fc577a845ab093326d9ab1adb874bd4936c8cf98ac8ed2f3db13a0a2fb/grpcio-1.81.1-cp314-cp314-manylinux2014_i686.manylinux_2_17_i686.whl", hash = "sha256:0490c30c261eded63f3f354979f9dc4502a9fb944cccb60cd9dc85f5a7349854", size = 7306576, upload-time = "2026-06-11T12:46:30.514Z" },
    { url = "https://files.pythonhosted.org/packages/76/7b/61dab5d5969f28d97fb1009cead1df0a5cd987d3315e1b37f18a4449f8bc/grpcio-1.81.1-cp314-cp314-manylinux2014_x86_64.manylinux_2_17_x86_64.whl", hash = "sha256:410482da976329fe5f4067270401b12cf2bd552ff8020f054ecfaddb5475f9d6", size = 6812165, upload-time = "2026-06-11T12:46:33.699Z" },
    { url = "https://files.pythonhosted.org/packages/82/78/6e501929d4f5f96462fd82fd9f0f06e5f9612207582b862868d68757b27d/grpcio-1.81.1-cp314-cp314-musllinux_1_2_aarch64.whl", hash = "sha256:e3657301562ac3cb8018d30d0d3ebfa39932239f7b5703422057ef14b69949f5", size = 7422962, upload-time = "2026-06-11T12:46:36.511Z" },
    { url = "https://files.pythonhosted.org/packages/2a/7e/f2157589e66daa78ebb3165942d05a08bdea93b9d11c2bc1e172aef89685/grpcio-1.81.1-cp314-cp314-musllinux_1_2_i686.whl", hash = "sha256:24c8e57504c8f45b237e40b99262d181071e5099a07053695b75d97bb53053a0", size = 8408176, upload-time = "2026-06-11T12:46:39.803Z" },
    { url = "https://files.pythonhosted.org/packages/da/df/c6717fef716e00d235ffb96123baf6dce76d6004f6233fa767c502861460/grpcio-1.81.1-cp314-cp314-musllinux_1_2_x86_64.whl", hash = "sha256:b427c19380991a4eaab2f6144b64b99b412043314c6bf4ab544f97bb31ee4190", size = 7846681, upload-time = "2026-06-11T12:46:43.013Z" },
    { url = "https://files.pythonhosted.org/packages/36/84/3502e9f210a6a5c4438c8aca3f88edd2e04f6a27f3d41b26cf0a0024b096/grpcio-1.81.1-cp314-cp314-win32.whl", hash = "sha256:61233fe8951e5c85dff81c2458b6528624760166946b5b47ea150a589168411f", size = 4264615, upload-time = "2026-06-11T12:46:45.741Z" },
    { url = "https://files.pythonhosted.org/packages/ff/b0/4af731ff7492c68a96e4c71bfd0f4590acde92b31c6fe4894e6465c10ff6/grpcio-1.81.1-cp314-cp314-win_amd64.whl", hash = "sha256:3768a5ff1b2125e6f552e561b6b2dca0e64982d8949689b4df145cf8b98d7821", size = 5070275, upload-time = "2026-06-11T12:46:48.486Z" },
]

[[package]]
name = "opentelemetry-api"
version = "1.42.1"
source = { registry = "https://pypi.org/simple" }
dependencies = [
    { name = "typing-extensions" },
]
sdist = { url = "https://files.pythonhosted.org/packages/b4/1c/125e1c936c0873796771b7f04f6c93b9f1bf5d424cea90fda94a99f61da8/opentelemetry_api-1.42.1.tar.gz", hash = "sha256:56c63bea9f77b62856be8c47600474acad853b2924b99b1687c4cb6297166716", size = 72296, upload-time = "2026-05-21T16:32:49.335Z" }
wheels = [
    { url = "https://files.pythonhosted.org/packages/a3/ca/9520cc1f3dfbbd03ac5903bbf55833e257bc64b1cf30fa8b0d6df374d821/opentelemetry_api-1.42.1-py3-none-any.whl", hash = "sha256:51a69edacadbc03a8950ace1c4c21099cacc538820ac2c9e36277e78cebba714", size = 61311, upload-time = "2026-05-21T16:32:28.822Z" },
]

[[package]]
name = "opentelemetry-exporter-otlp-proto-common"
version = "1.42.1"
source = { registry = "https://pypi.org/simple" }
dependencies = [
    { name = "opentelemetry-proto" },
]
sdist = { url = "https://files.pythonhosted.org/packages/0e/9c/216acfeaedadf2e1937f4373929b20f73197c5c4a2546d4f584b7fa63813/opentelemetry_exporter_otlp_proto_common-1.42.1.tar.gz", hash = "sha256:04f1f01fb597c4249dfcd7f8b861c902c2102369d376d9d346ff38de4469a2ee", size = 21433, upload-time = "2026-05-21T16:32:55.526Z" }
wheels = [
    { url = "https://files.pythonhosted.org/packages/d6/43/2375e7612e1121a4518c17603b6e0b03ad94f565aafad53f464dc5be2bf6/opentelemetry_exporter_otlp_proto_common-1.42.1-py3-none-any.whl", hash = "sha256:f48d395ab815b444da118868977e9798ea354c25737d5cf39578ae894011c140", size = 17327, upload-time = "2026-05-21T16:32:33.387Z" },
]

[[package]]
name = "opentelemetry-exporter-otlp-proto-grpc"
version = "1.42.1"
source = { registry = "https://pypi.org/simple" }
dependencies = [
    { name = "googleapis-common-protos" },
    { name = "grpcio" },
    { name = "opentelemetry-api" },
    { name = "opentelemetry-exporter-otlp-proto-common" },
    { name = "opentelemetry-proto" },
    { name = "opentelemetry-sdk" },
    { name = "typing-extensions" },
]
sdist = { url = "https://files.pythonhosted.org/packages/87/87/ca7fc790dfdbcf4f9e9aab14a39ef1b7508ead13707e283de0b3131478d2/opentelemetry_exporter_otlp_proto_grpc-1.42.1.tar.gz", hash = "sha256:975c4461f167dd8ed8857d68d3b6b25f3d272eab896f6a9470d0f5b90e2faf15", size = 27140, upload-time = "2026-05-21T16:32:56.162Z" }
wheels = [
    { url = "https://files.pythonhosted.org/packages/89/2b/28ba5b128f47fe8c3bab541000d6feb4b5a9bd26623ca013406f01c0fb60/opentelemetry_exporter_otlp_proto_grpc-1.42.1-py3-none-any.whl", hash = "sha256:0ae1177e2038b18a929b3098215243631ef91136cba26b7e2b12790ceb7e87cc", size = 19617, upload-time = "2026-05-21T16:32:34.278Z" },
]

[[package]]
name = "opentelemetry-proto"
version = "1.42.1"
source = { registry = "https://pypi.org/simple" }
dependencies = [
    { name = "protobuf" },
]
sdist = { url = "https://files.pythonhosted.org/packages/b4/55/63eac3e1089b768ba014091fdd2ae8a9a440c821ef5e2b786909c94c8836/opentelemetry_proto-1.42.1.tar.gz", hash = "sha256:c6a51e6b4f05ae63565f3a113217f3d2bfaec68f78c02d7a6c85f9010d1cfca6", size = 45839, upload-time = "2026-05-21T16:33:03.937Z" }
wheels = [
    { url = "https://files.pythonhosted.org/packages/41/9d/171c02c84a76940b7e601805b3bb536985aded9168fbcc9ba52f0a730fa2/opentelemetry_proto-1.42.1-py3-none-any.whl", hash = "sha256:dedb74cba2886c59c7789b227a7a670613025a07489040050aedff6e5c0fb43c", size = 71782, upload-time = "2026-05-21T16:32:44.867Z" },
]

[[package]]
name = "opentelemetry-sdk"
version = "1.42.1"
source = { registry = "https://pypi.org/simple" }
dependencies = [
    { name = "opentelemetry-api" },
    { name = "opentelemetry-semantic-conventions" },
    { name = "typing-extensions" },
]
sdist = { url = "https://files.pythonhosted.org/packages/40/f7/b390bd9bfd703bf98a68fea1f27786c6872331fd617164a54b8a59bdc008/opentelemetry_sdk-1.42.1.tar.gz", hash = "sha256:8c834e8f8c9ba4171d4ec843d0cb8a67e4c7394d3f9e9297e582cbd9456ddbf7", size = 239262, upload-time = "2026-05-21T16:33:04.641Z" }
wheels = [
    { url = "https://files.pythonhosted.org/packages/8f/6b/4287766cfbde577ae2272e8884abac325aeaac0d64f41c61d5b8cc595105/opentelemetry_sdk-1.42.1-py3-none-any.whl", hash = "sha256:083cd4bbfaa5aa7b5a9e552430d9951219967cfb27aa61feb13a77aba1fc839d", size = 170907, upload-time = "2026-05-21T16:32:45.894Z" },
]

[[package]]
name = "opentelemetry-semantic-conventions"
version = "0.63b1"
source = { registry = "https://pypi.org/simple" }
dependencies = [
    { name = "opentelemetry-api" },
    { name = "typing-extensions" },
]
sdist = { url = "https://files.pythonhosted.org/packages/93/99/4d7dd6df64795951413ce6e815f8cf1eb191daf7196ae86574589643d5f3/opentelemetry_semantic_conventions-0.63b1.tar.gz", hash = "sha256:3daf963611334b365e98a57438183eb012d3bfb40b2d931a9af613476b8701a9", size = 148340, upload-time = "2026-05-21T16:33:05.455Z" }
wheels = [
    { url = "https://files.pythonhosted.org/packages/cb/7a/7fe66f5f3682b1dd47d88cc4e11f1c6c0966b737de2d16671146e23c39a5/opentelemetry_semantic_conventions-0.63b1-py3-none-any.whl", hash = "sha256:dfe5ef4dee82586b746f522b818ceb298d00b3d59f660042bd79404bff8d0682", size = 203713, upload-time = "2026-05-21T16:32:47.016Z" },
]

[[package]]
name = "protobuf"
version = "6.33.6"
source = { registry = "https://pypi.org/simple" }
sdist = { url = "https://files.pythonhosted.org/packages/66/70/e908e9c5e52ef7c3a6c7902c9dfbb34c7e29c25d2f81ade3856445fd5c94/protobuf-6.33.6.tar.gz", hash = "sha256:a6768d25248312c297558af96a9f9c929e8c4cee0659cb07e780731095f38135", size = 444531, upload-time = "2026-03-18T19:05:00.988Z" }
wheels = [
    { url = "https://files.pythonhosted.org/packages/fc/9f/2f509339e89cfa6f6a4c4ff50438db9ca488dec341f7e454adad60150b00/protobuf-6.33.6-cp310-abi3-win32.whl", hash = "sha256:7d29d9b65f8afef196f8334e80d6bc1d5d4adedb449971fefd3723824e6e77d3", size = 425739, upload-time = "2026-03-18T19:04:48.373Z" },
    { url = "https://files.pythonhosted.org/packages/76/5d/683efcd4798e0030c1bab27374fd13a89f7c2515fb1f3123efdfaa5eab57/protobuf-6.33.6-cp310-abi3-win_amd64.whl", hash = "sha256:0cd27b587afca21b7cfa59a74dcbd48a50f0a6400cfb59391340ad729d91d326", size = 437089, upload-time = "2026-03-18T19:04:50.381Z" },
    { url = "https://files.pythonhosted.org/packages/5c/01/a3c3ed5cd186f39e7880f8303cc51385a198a81469d53d0fdecf1f64d929/protobuf-6.33.6-cp39-abi3-macosx_10_9_universal2.whl", hash = "sha256:9720e6961b251bde64edfdab7d500725a2af5280f3f4c87e57c0208376aa8c3a", size = 427737, upload-time = "2026-03-18T19:04:51.866Z" },
    { url = "https://files.pythonhosted.org/packages/ee/90/b3c01fdec7d2f627b3a6884243ba328c1217ed2d978def5c12dc50d328a3/protobuf-6.33.6-cp39-abi3-manylinux2014_aarch64.whl", hash = "sha256:e2afbae9b8e1825e3529f88d514754e094278bb95eadc0e199751cdd9a2e82a2", size = 324610, upload-time = "2026-03-18T19:04:53.096Z" },
    { url = "https://files.pythonhosted.org/packages/9b/ca/25afc144934014700c52e05103c2421997482d561f3101ff352e1292fb81/protobuf-6.33.6-cp39-abi3-manylinux2014_s390x.whl", hash = "sha256:c96c37eec15086b79762ed265d59ab204dabc53056e3443e702d2681f4b39ce3", size = 339381, upload-time = "2026-03-18T19:04:54.616Z" },
    { url = "https://files.pythonhosted.org/packages/16/92/d1e32e3e0d894fe00b15ce28ad4944ab692713f2e7f0a99787405e43533a/protobuf-6.33.6-cp39-abi3-manylinux2014_x86_64.whl", hash = "sha256:e9db7e292e0ab79dd108d7f1a94fe31601ce1ee3f7b79e0692043423020b0593", size = 323436, upload-time = "2026-03-18T19:04:55.768Z" },
    { url = "https://files.pythonhosted.org/packages/c4/72/02445137af02769918a93807b2b7890047c32bfb9f90371cbc12688819eb/protobuf-6.33.6-py3-none-any.whl", hash = "sha256:77179e006c476e69bf8e8ce866640091ec42e1beb80b213c3900006ecfba6901", size = 170656, upload-time = "2026-03-18T19:04:59.826Z" },
]

[[package]]
name = "typing-extensions"
version = "4.16.0"
source = { registry = "https://pypi.org/simple" }
sdist = { url = "https://files.pythonhosted.org/packages/f6/cc/6253133b5bb138fc3306cebfbda2c520f545d36b5be2c7255cc528bb45d6/typing_extensions-4.16.0.tar.gz", hash = "sha256:dc983d19a509c94dba722ee6abd33940f7c05a89e243c47e907eb4db6f1a43e5", size = 113555, upload-time = "2026-07-02T08:40:05.92Z" }
wheels = [
    { url = "https://files.pythonhosted.org/packages/49/d3/b8441a820a491ddfc024b0b0cf0393375b75ea13866d9c66727e54c2fc80/typing_extensions-4.16.0-py3-none-any.whl", hash = "sha256:481caa481374e813c1b176ada14e97f1f67a4539ce9cfeb3f350d78d6370c2e8", size = 45571, upload-time = "2026-07-02T08:40:04.659Z" },
]
